
Microsoft Visual Studio Solution File, Format Version 12.00
# Visual Studio Version 17
VisualStudioVersion = 17.7.34009.444
MinimumVisualStudioVersion = 10.0.40219.1
Project("{FAE04EC0-301F-11D3-BF4B-00C04F79EFBC}") = "NZWalks.API", "NZWalks.API\NZWalks.API.csproj", "{D5D2ABD8-B95B-4DE4-B24C-B80327541ABA}"
EndProject
Global
	GlobalSection(SolutionConfigurationPlatforms) = preSolution
		Debug|Any CPU = Debug|Any CPU
		Release|Any CPU = Release|Any CPU
	EndGlobalSection
	GlobalSection(ProjectConfigurationPlatforms) = postSolution
		{D5D2ABD8-B95B-4DE4-B24C-B80327541ABA}.Debug|Any CPU.ActiveCfg = Debug|Any CPU
		{D5D2ABD8-B95B-4DE4-B24C-B80327541ABA}.Debug|Any CPU.Build.0 = Debug|Any CPU
		{D5D2ABD8-B95B-4DE4-B24C-B80327541ABA}.Release|Any CPU.ActiveCfg = Release|Any CPU
		{D5D2ABD8-B95B-4DE4-B24C-B80327541ABA}.Release|Any CPU.Build.0 = Release|Any CPU
	EndGlobalSection
	GlobalSection(SolutionProperties) = preSolution
		HideSolutionNode = FALSE
	EndGlobalSection
	GlobalSection(ExtensibilityGlobals) = postSolution
		SolutionGuid = {C0E1A5BF-C3CD-4F38-8B92-97FEF697314E}
	EndGlobalSection
EndGlobal
